
Microsoft Visual Studio Solution File, Format Version 11.00
# Visual Studio 2010
Project("{FAE04EC0-301F-11D3-BF4B-00C04F79EFBC}") = "SpaceX", "Assembly-CSharp-firstpass.csproj", "{F31BFAAF-342A-5EF4-AE0E-FDACDAF573FA}"
EndProject
Project("{FAE04EC0-301F-11D3-BF4B-00C04F79EFBC}") = "SpaceX", "Assembly-CSharp.csproj", "{3BE6A672-1793-C5E7-63D6-8646572A2D27}"
EndProject
Project("{FAE04EC0-301F-11D3-BF4B-00C04F79EFBC}") = "SpaceX", "Assembly-CSharp-Editor-firstpass.csproj", "{FA77CFF0-0628-249B-C812-94C19D42CA31}"
EndProject
Global
	GlobalSection(SolutionConfigurationPlatforms) = preSolution
		Debug|Any CPU = Debug|Any CPU
		Release|Any CPU = Release|Any CPU
	EndGlobalSection
	GlobalSection(ProjectConfigurationPlatforms) = postSolution
		{F31BFAAF-342A-5EF4-AE0E-FDACDAF573FA}.Debug|Any CPU.ActiveCfg = Debug|Any CPU
		{F31BFAAF-342A-5EF4-AE0E-FDACDAF573FA}.Debug|Any CPU.Build.0 = Debug|Any CPU
		{F31BFAAF-342A-5EF4-AE0E-FDACDAF573FA}.Release|Any CPU.ActiveCfg = Release|Any CPU
		{F31BFAAF-342A-5EF4-AE0E-FDACDAF573FA}.Release|Any CPU.Build.0 = Release|Any CPU
		{3BE6A672-1793-C5E7-63D6-8646572A2D27}.Debug|Any CPU.ActiveCfg = Debug|Any CPU
		{3BE6A672-1793-C5E7-63D6-8646572A2D27}.Debug|Any CPU.Build.0 = Debug|Any CPU
		{3BE6A672-1793-C5E7-63D6-8646572A2D27}.Release|Any CPU.ActiveCfg = Release|Any CPU
		{3BE6A672-1793-C5E7-63D6-8646572A2D27}.Release|Any CPU.Build.0 = Release|Any CPU
		{FA77CFF0-0628-249B-C812-94C19D42CA31}.Debug|Any CPU.ActiveCfg = Debug|Any CPU
		{FA77CFF0-0628-249B-C812-94C19D42CA31}.Debug|Any CPU.Build.0 = Debug|Any CPU
		{FA77CFF0-0628-249B-C812-94C19D42CA31}.Release|Any CPU.ActiveCfg = Release|Any CPU
		{FA77CFF0-0628-249B-C812-94C19D42CA31}.Release|Any CPU.Build.0 = Release|Any CPU
	EndGlobalSection
	GlobalSection(SolutionProperties) = preSolution
		HideSolutionNode = FALSE
	EndGlobalSection
	GlobalSection(MonoDevelopProperties) = preSolution
		StartupItem = Assembly-CSharp.csproj
	EndGlobalSection
EndGlobal
